
Microsoft Visual Studio Solution File, Format Version 12.00
# Visual Studio Version 16
VisualStudioVersion = 16.0.30413.136
MinimumVisualStudioVersion = 10.0.40219.1
Project("{FAE04EC0-301F-11D3-BF4B-00C04F79EFBC}") = "Lab2Part1", "Lab2Part1\Lab2Part1.csproj", "{880FCEB1-94D3-480D-A777-C1F69151DA2D}"
EndProject
Global
	GlobalSection(SolutionConfigurationPlatforms) = preSolution
		Debug|Any CPU = Debug|Any CPU
		Release|Any CPU = Release|Any CPU
	EndGlobalSection
	GlobalSection(ProjectConfigurationPlatforms) = postSolution
		{880FCEB1-94D3-480D-A777-C1F69151DA2D}.Debug|Any CPU.ActiveCfg = Debug|Any CPU
		{880FCEB1-94D3-480D-A777-C1F69151DA2D}.Debug|Any CPU.Build.0 = Debug|Any CPU
		{880FCEB1-94D3-480D-A777-C1F69151DA2D}.Release|Any CPU.ActiveCfg = Release|Any CPU
		{880FCEB1-94D3-480D-A777-C1F69151DA2D}.Release|Any CPU.Build.0 = Release|Any CPU
	EndGlobalSection
	GlobalSection(SolutionProperties) = preSolution
		HideSolutionNode = FALSE
	EndGlobalSection
	GlobalSection(ExtensibilityGlobals) = postSolution
		SolutionGuid = {56BFCAA5-197F-4FD2-A5F9-63CB8D7433BB}
	EndGlobalSection
EndGlobal
